
Microsoft Visual Studio Solution File, Format Version 12.00
# Visual Studio Version 17
VisualStudioVersion = 17.8.34330.188
MinimumVisualStudioVersion = 10.0.40219.1
Project("{FAE04EC0-301F-11D3-BF4B-00C04F79EFBC}") = "films", "films\films.csproj", "{6903349C-3B00-4943-8AEE-06F8534973EC}"
EndProject
Global
	GlobalSection(SolutionConfigurationPlatforms) = preSolution
		Debug|Any CPU = Debug|Any CPU
		Release|Any CPU = Release|Any CPU
	EndGlobalSection
	GlobalSection(ProjectConfigurationPlatforms) = postSolution
		{6903349C-3B00-4943-8AEE-06F8534973EC}.Debug|Any CPU.ActiveCfg = Debug|Any CPU
		{6903349C-3B00-4943-8AEE-06F8534973EC}.Debug|Any CPU.Build.0 = Debug|Any CPU
		{6903349C-3B00-4943-8AEE-06F8534973EC}.Release|Any CPU.ActiveCfg = Release|Any CPU
		{6903349C-3B00-4943-8AEE-06F8534973EC}.Release|Any CPU.Build.0 = Release|Any CPU
	EndGlobalSection
	GlobalSection(SolutionProperties) = preSolution
		HideSolutionNode = FALSE
	EndGlobalSection
	GlobalSection(ExtensibilityGlobals) = postSolution
		SolutionGuid = {4E288A32-CF2F-4391-BA2A-1E19163DE8C5}
	EndGlobalSection
EndGlobal
